// !$*UTF8*$!
{
	archiveVersion = 1;
	classes = {
	};
	objectVersion = 46;
	objects = {

/* Begin PBXBuildFile section */
		ED13EF471B405B1E001FD291 /* besort.cc in Sources */ = {isa = PBXBuildFile; fileRef = ED13EF461B405B1E001FD291 /* besort.cc */; };
		ED79148D1B422FF700D4D637 /* thread_pool.cc in Sources */ = {isa = PBXBuildFile; fileRef = ED79148C1B422FF700D4D637 /* thread_pool.cc */; };
/* End PBXBuildFile section */

/* Begin PBXCopyFilesBuildPhase section */
		ED0A26C21B344EF000EBE708 /* CopyFiles */ = {
			isa = PBXCopyFilesBuildPhase;
			buildActionMask = 2147483647;
			dstPath = /usr/share/man/man1/;
			dstSubfolderSpec = 0;
			files = (
			);
			runOnlyForDeploymentPostprocessing = 1;
		};
/* End PBXCopyFilesBuildPhase section */

/* Begin PBXFileReference section */
		ED0A26C41B344EF000EBE708 /* besort */ = {isa = PBXFileReference; explicitFileType = "compiled.mach-o.executable"; includeInIndex = 0; path = besort; sourceTree = BUILT_PRODUCTS_DIR; };
		ED13EF461B405B1E001FD291 /* besort.cc */ = {isa = PBXFileReference; fileEncoding = 4; lastKnownFileType = sourcecode.cpp.cpp; path = besort.cc; sourceTree = "<group>"; };
		ED79148B1B422FF700D4D637 /* thread_pool.hh */ = {isa = PBXFileReference; fileEncoding = 4; lastKnownFileType = sourcecode.cpp.h; path = thread_pool.hh; sourceTree = "<group>"; };
		ED79148C1B422FF700D4D637 /* thread_pool.cc */ = {isa = PBXFileReference; fileEncoding = 4; lastKnownFileType = sourcecode.cpp.cpp; path = thread_pool.cc; sourceTree = "<group>"; };
/* End PBXFileReference section */

/* Begin PBXFrameworksBuildPhase section */
		ED0A26C11B344EF000EBE708 /* Frameworks */ = {
			isa = PBXFrameworksBuildPhase;
			buildActionMask = 2147483647;
			files = (
			);
			runOnlyForDeploymentPostprocessing = 0;
		};
/* End PBXFrameworksBuildPhase section */

/* Begin PBXGroup section */
		ED0A26BB1B344EF000EBE708 = {
			isa = PBXGroup;
			children = (
				ED0A26C61B344EF000EBE708 /* src */,
				ED0A26C51B344EF000EBE708 /* Products */,
			);
			sourceTree = "<group>";
		};
		ED0A26C51B344EF000EBE708 /* Products */ = {
			isa = PBXGroup;
			children = (
				ED0A26C41B344EF000EBE708 /* besort */,
			);
			name = Products;
			sourceTree = "<group>";
		};
		ED0A26C61B344EF000EBE708 /* src */ = {
			isa = PBXGroup;
			children = (
				ED79148B1B422FF700D4D637 /* thread_pool.hh */,
				ED79148C1B422FF700D4D637 /* thread_pool.cc */,
				ED13EF461B405B1E001FD291 /* besort.cc */,
			);
			name = src;
			path = ../../src;
			sourceTree = "<group>";
		};
/* End PBXGroup section */

/* Begin PBXNativeTarget section */
		ED0A26C31B344EF000EBE708 /* besort */ = {
			isa = PBXNativeTarget;
			buildConfigurationList = ED0A26CB1B344EF000EBE708 /* Build configuration list for PBXNativeTarget "besort" */;
			buildPhases = (
				ED0A26C01B344EF000EBE708 /* Sources */,
				ED0A26C11B344EF000EBE708 /* Frameworks */,
				ED0A26C21B344EF000EBE708 /* CopyFiles */,
			);
			buildRules = (
			);
			dependencies = (
			);
			name = besort;
			productName = mlb;
			productReference = ED0A26C41B344EF000EBE708 /* besort */;
			productType = "com.apple.product-type.tool";
		};
/* End PBXNativeTarget section */

/* Begin PBXProject section */
		ED0A26BC1B344EF000EBE708 /* Project object */ = {
			isa = PBXProject;
			attributes = {
				LastUpgradeCheck = 0630;
				ORGANIZATIONNAME = "Lauro Lins";
				TargetAttributes = {
					ED0A26C31B344EF000EBE708 = {
						CreatedOnToolsVersion = 6.3.2;
					};
				};
			};
			buildConfigurationList = ED0A26BF1B344EF000EBE708 /* Build configuration list for PBXProject "besort" */;
			compatibilityVersion = "Xcode 3.2";
			developmentRegion = English;
			hasScannedForEncodings = 0;
			knownRegions = (
				en,
			);
			mainGroup = ED0A26BB1B344EF000EBE708;
			productRefGroup = ED0A26C51B344EF000EBE708 /* Products */;
			projectDirPath = "";
			projectRoot = "";
			targets = (
				ED0A26C31B344EF000EBE708 /* besort */,
			);
		};
/* End PBXProject section */

/* Begin PBXSourcesBuildPhase section */
		ED0A26C01B344EF000EBE708 /* Sources */ = {
			isa = PBXSourcesBuildPhase;
			buildActionMask = 2147483647;
			files = (
				ED13EF471B405B1E001FD291 /* besort.cc in Sources */,
				ED79148D1B422FF700D4D637 /* thread_pool.cc in Sources */,
			);
			runOnlyForDeploymentPostprocessing = 0;
		};
/* End PBXSourcesBuildPhase section */

/* Begin XCBuildConfiguration section */
		ED0A26C91B344EF000EBE708 /* Debug */ = {
			isa = XCBuildConfiguration;
			buildSettings = {
				ALWAYS_SEARCH_USER_PATHS = NO;
				CLANG_CXX_LANGUAGE_STANDARD = "gnu++0x";
				CLANG_CXX_LIBRARY = "libc++";
				CLANG_ENABLE_MODULES = YES;
				CLANG_ENABLE_OBJC_ARC = YES;
				CLANG_WARN_BOOL_CONVERSION = YES;
				CLANG_WARN_CONSTANT_CONVERSION = YES;
				CLANG_WARN_DIRECT_OBJC_ISA_USAGE = YES_ERROR;
				CLANG_WARN_EMPTY_BODY = YES;
				CLANG_WARN_ENUM_CONVERSION = YES;
				CLANG_WARN_INT_CONVERSION = YES;
				CLANG_WARN_OBJC_ROOT_CLASS = YES_ERROR;
				CLANG_WARN_UNREACHABLE_CODE = YES;
				CLANG_WARN__DUPLICATE_METHOD_MATCH = YES;
				COPY_PHASE_STRIP = NO;
				DEBUG_INFORMATION_FORMAT = dwarf;
				ENABLE_STRICT_OBJC_MSGSEND = YES;
				GCC_C_LANGUAGE_STANDARD = gnu99;
				GCC_DYNAMIC_NO_PIC = NO;
				GCC_NO_COMMON_BLOCKS = YES;
				GCC_OPTIMIZATION_LEVEL = 0;
				GCC_PREPROCESSOR_DEFINITIONS = (
					"DEBUG=1",
					"$(inherited)",
				);
				GCC_SYMBOLS_PRIVATE_EXTERN = NO;
				GCC_WARN_64_TO_32_BIT_CONVERSION = YES;
				GCC_WARN_ABOUT_RETURN_TYPE = YES_ERROR;
				GCC_WARN_UNDECLARED_SELECTOR = YES;
				GCC_WARN_UNINITIALIZED_AUTOS = YES_AGGRESSIVE;
				GCC_WARN_UNUSED_FUNCTION = YES;
				GCC_WARN_UNUSED_VARIABLE = YES;
				MACOSX_DEPLOYMENT_TARGET = 10.10;
				MTL_ENABLE_DEBUG_INFO = YES;
				ONLY_ACTIVE_ARCH = YES;
				SDKROOT = macosx;
			};
			name = Debug;
		};
		ED0A26CA1B344EF000EBE708 /* Release */ = {
			isa = XCBuildConfiguration;
			buildSettings = {
				ALWAYS_SEARCH_USER_PATHS = NO;
				CLANG_CXX_LANGUAGE_STANDARD = "gnu++0x";
				CLANG_CXX_LIBRARY = "libc++";
				CLANG_ENABLE_MODULES = YES;
				CLANG_ENABLE_OBJC_ARC = YES;
				CLANG_WARN_BOOL_CONVERSION = YES;
				CLANG_WARN_CONSTANT_CONVERSION = YES;
				CLANG_WARN_DIRECT_OBJC_ISA_USAGE = YES_ERROR;
				CLANG_WARN_EMPTY_BODY = YES;
				CLANG_WARN_ENUM_CONVERSION = YES;
				CLANG_WARN_INT_CONVERSION = YES;
				CLANG_WARN_OBJC_ROOT_CLASS = YES_ERROR;
				CLANG_WARN_UNREACHABLE_CODE = YES;
				CLANG_WARN__DUPLICATE_METHOD_MATCH = YES;
				COPY_PHASE_STRIP = NO;
				DEBUG_INFORMATION_FORMAT = "dwarf-with-dsym";
				ENABLE_NS_ASSERTIONS = NO;
				ENABLE_STRICT_OBJC_MSGSEND = YES;
				GCC_C_LANGUAGE_STANDARD = gnu99;
				GCC_NO_COMMON_BLOCKS = YES;
				GCC_WARN_64_TO_32_BIT_CONVERSION = YES;
				GCC_WARN_ABOUT_RETURN_TYPE = YES_ERROR;
				GCC_WARN_UNDECLARED_SELECTOR = YES;
				GCC_WARN_UNINITIALIZED_AUTOS = YES_AGGRESSIVE;
				GCC_WARN_UNUSED_FUNCTION = YES;
				GCC_WARN_UNUSED_VARIABLE = YES;
				MACOSX_DEPLOYMENT_TARGET = 10.10;
				MTL_ENABLE_DEBUG_INFO = NO;
				SDKROOT = macosx;
			};
			name = Release;
		};
		ED0A26CC1B344EF000EBE708 /* Debug */ = {
			isa = XCBuildConfiguration;
			buildSettings = {
				OTHER_CPLUSPLUSFLAGS = (
					"$(OTHER_CFLAGS)",
					"-I$(SRCROOT)/../../thirdparty",
				);
				PRODUCT_NAME = "$(TARGET_NAME)";
			};
			name = Debug;
		};
		ED0A26CD1B344EF000EBE708 /* Release */ = {
			isa = XCBuildConfiguration;
			buildSettings = {
				OTHER_CPLUSPLUSFLAGS = (
					"$(OTHER_CFLAGS)",
					"-I$(SRCROOT)/../../thirdparty",
				);
				PRODUCT_NAME = "$(TARGET_NAME)";
			};
			name = Release;
		};
/* End XCBuildConfiguration section */

/* Begin XCConfigurationList section */
		ED0A26BF1B344EF000EBE708 /* Build configuration list for PBXProject "besort" */ = {
			isa = XCConfigurationList;
			buildConfigurations = (
				ED0A26C91B344EF000EBE708 /* Debug */,
				ED0A26CA1B344EF000EBE708 /* Release */,
			);
			defaultConfigurationIsVisible = 0;
			defaultConfigurationName = Release;
		};
		ED0A26CB1B344EF000EBE708 /* Build configuration list for PBXNativeTarget "besort" */ = {
			isa = XCConfigurationList;
			buildConfigurations = (
				ED0A26CC1B344EF000EBE708 /* Debug */,
				ED0A26CD1B344EF000EBE708 /* Release */,
			);
			defaultConfigurationIsVisible = 0;
			defaultConfigurationName = Release;
		};
/* End XCConfigurationList section */
	};
	rootObject = ED0A26BC1B344EF000EBE708 /* Project object */;
}
